// !$*UTF8*$!
{
	archiveVersion = 1;
	classes = {
	};
	objectVersion = 50;
	objects = {

/* Begin PBXBuildFile section */
		AF920F0F25CA845F00207E71 /* AppDelegate.swift in Sources */ = {isa = PBXBuildFile; fileRef = AF920F0E25CA845F00207E71 /* AppDelegate.swift */; };
		AF920F1125CA845F00207E71 /* SceneDelegate.swift in Sources */ = {isa = PBXBuildFile; fileRef = AF920F1025CA845F00207E71 /* SceneDelegate.swift */; };
		AF920F1325CA845F00207E71 /* ViewController.swift in Sources */ = {isa = PBXBuildFile; fileRef = AF920F1225CA845F00207E71 /* ViewController.swift */; };
		AF920F1625CA845F00207E71 /* Main.storyboard in Resources */ = {isa = PBXBuildFile; fileRef = AF920F1425CA845F00207E71 /* Main.storyboard */; };
		AF920F1925CA845F00207E71 /* Change_image.xcdatamodeld in Sources */ = {isa = PBXBuildFile; fileRef = AF920F1725CA845F00207E71 /* Change_image.xcdatamodeld */; };
		AF920F1B25CA846000207E71 /* Assets.xcassets in Resources */ = {isa = PBXBuildFile; fileRef = AF920F1A25CA846000207E71 /* Assets.xcassets */; };
		AF920F1E25CA846000207E71 /* LaunchScreen.storyboard in Resources */ = {isa = PBXBuildFile; fileRef = AF920F1C25CA846000207E71 /* LaunchScreen.storyboard */; };
/* End PBXBuildFile section */

/* Begin PBXFileReference section */
		AF920F0B25CA845F00207E71 /* Change image.app */ = {isa = PBXFileReference; explicitFileType = wrapper.application; includeInIndex = 0; path = "Change image.app"; sourceTree = BUILT_PRODUCTS_DIR; };
		AF920F0E25CA845F00207E71 /* AppDelegate.swift */ = {isa = PBXFileReference; lastKnownFileType = sourcecode.swift; path = AppDelegate.swift; sourceTree = "<group>"; };
		AF920F1025CA845F00207E71 /* SceneDelegate.swift */ = {isa = PBXFileReference; lastKnownFileType = sourcecode.swift; path = SceneDelegate.swift; sourceTree = "<group>"; };
		AF920F1225CA845F00207E71 /* ViewController.swift */ = {isa = PBXFileReference; lastKnownFileType = sourcecode.swift; path = ViewController.swift; sourceTree = "<group>"; };
		AF920F1525CA845F00207E71 /* Base */ = {isa = PBXFileReference; lastKnownFileType = file.storyboard; name = Base; path = Base.lproj/Main.storyboard; sourceTree = "<group>"; };
		AF920F1825CA845F00207E71 /* Change_image.xcdatamodel */ = {isa = PBXFileReference; lastKnownFileType = wrapper.xcdatamodel; path = Change_image.xcdatamodel; sourceTree = "<group>"; };
		AF920F1A25CA846000207E71 /* Assets.xcassets */ = {isa = PBXFileReference; lastKnownFileType = folder.assetcatalog; path = Assets.xcassets; sourceTree = "<group>"; };
		AF920F1D25CA846000207E71 /* Base */ = {isa = PBXFileReference; lastKnownFileType = file.storyboard; name = Base; path = Base.lproj/LaunchScreen.storyboard; sourceTree = "<group>"; };
		AF920F1F25CA846000207E71 /* Info.plist */ = {isa = PBXFileReference; lastKnownFileType = text.plist.xml; path = Info.plist; sourceTree = "<group>"; };
/* End PBXFileReference section */

/* Begin PBXFrameworksBuildPhase section */
		AF920F0825CA845F00207E71 /* Frameworks */ = {
			isa = PBXFrameworksBuildPhase;
			buildActionMask = 2147483647;
			files = (
			);
			runOnlyForDeploymentPostprocessing = 0;
		};
/* End PBXFrameworksBuildPhase section */

/* Begin PBXGroup section */
		AF920F0225CA845F00207E71 = {
			isa = PBXGroup;
			children = (
				AF920F0D25CA845F00207E71 /* Change image */,
				AF920F0C25CA845F00207E71 /* Products */,
			);
			sourceTree = "<group>";
		};
		AF920F0C25CA845F00207E71 /* Products */ = {
			isa = PBXGroup;
			children = (
				AF920F0B25CA845F00207E71 /* Change image.app */,
			);
			name = Products;
			sourceTree = "<group>";
		};
		AF920F0D25CA845F00207E71 /* Change image */ = {
			isa = PBXGroup;
			children = (
				AF920F0E25CA845F00207E71 /* AppDelegate.swift */,
				AF920F1025CA845F00207E71 /* SceneDelegate.swift */,
				AF920F1225CA845F00207E71 /* ViewController.swift */,
				AF920F1425CA845F00207E71 /* Main.storyboard */,
				AF920F1A25CA846000207E71 /* Assets.xcassets */,
				AF920F1C25CA846000207E71 /* LaunchScreen.storyboard */,
				AF920F1F25CA846000207E71 /* Info.plist */,
				AF920F1725CA845F00207E71 /* Change_image.xcdatamodeld */,
			);
			path = "Change image";
			sourceTree = "<group>";
		};
/* End PBXGroup section */

/* Begin PBXNativeTarget section */
		AF920F0A25CA845F00207E71 /* Change image */ = {
			isa = PBXNativeTarget;
			buildConfigurationList = AF920F2225CA846000207E71 /* Build configuration list for PBXNativeTarget "Change image" */;
			buildPhases = (
				AF920F0725CA845F00207E71 /* Sources */,
				AF920F0825CA845F00207E71 /* Frameworks */,
				AF920F0925CA845F00207E71 /* Resources */,
			);
			buildRules = (
			);
			dependencies = (
			);
			name = "Change image";
			productName = "Change image";
			productReference = AF920F0B25CA845F00207E71 /* Change image.app */;
			productType = "com.apple.product-type.application";
		};
/* End PBXNativeTarget section */

/* Begin PBXProject section */
		AF920F0325CA845F00207E71 /* Project object */ = {
			isa = PBXProject;
			attributes = {
				LastSwiftUpdateCheck = 1240;
				LastUpgradeCheck = 1240;
				TargetAttributes = {
					AF920F0A25CA845F00207E71 = {
						CreatedOnToolsVersion = 12.4;
					};
				};
			};
			buildConfigurationList = AF920F0625CA845F00207E71 /* Build configuration list for PBXProject "Change image" */;
			compatibilityVersion = "Xcode 9.3";
			developmentRegion = en;
			hasScannedForEncodings = 0;
			knownRegions = (
				en,
				Base,
			);
			mainGroup = AF920F0225CA845F00207E71;
			productRefGroup = AF920F0C25CA845F00207E71 /* Products */;
			projectDirPath = "";
			projectRoot = "";
			targets = (
				AF920F0A25CA845F00207E71 /* Change image */,
			);
		};
/* End PBXProject section */

/* Begin PBXResourcesBuildPhase section */
		AF920F0925CA845F00207E71 /* Resources */ = {
			isa = PBXResourcesBuildPhase;
			buildActionMask = 2147483647;
			files = (
				AF920F1E25CA846000207E71 /* LaunchScreen.storyboard in Resources */,
				AF920F1B25CA846000207E71 /* Assets.xcassets in Resources */,
				AF920F1625CA845F00207E71 /* Main.storyboard in Resources */,
			);
			runOnlyForDeploymentPostprocessing = 0;
		};
/* End PBXResourcesBuildPhase section */

/* Begin PBXSourcesBuildPhase section */
		AF920F0725CA845F00207E71 /* Sources */ = {
			isa = PBXSourcesBuildPhase;
			buildActionMask = 2147483647;
			files = (
				AF920F1325CA845F00207E71 /* ViewController.swift in Sources */,
				AF920F1925CA845F00207E71 /* Change_image.xcdatamodeld in Sources */,
				AF920F0F25CA845F00207E71 /* AppDelegate.swift in Sources */,
				AF920F1125CA845F00207E71 /* SceneDelegate.swift in Sources */,
			);
			runOnlyForDeploymentPostprocessing = 0;
		};
/* End PBXSourcesBuildPhase section */

/* Begin PBXVariantGroup section */
		AF920F1425CA845F00207E71 /* Main.storyboard */ = {
			isa = PBXVariantGroup;
			children = (
				AF920F1525CA845F00207E71 /* Base */,
			);
			name = Main.storyboard;
			sourceTree = "<group>";
		};
		AF920F1C25CA846000207E71 /* LaunchScreen.storyboard */ = {
			isa = PBXVariantGroup;
			children = (
				AF920F1D25CA846000207E71 /* Base */,
			);
			name = LaunchScreen.storyboard;
			sourceTree = "<group>";
		};
/* End PBXVariantGroup section */

/* Begin XCBuildConfiguration section */
		AF920F2025CA846000207E71 /* Debug */ = {
			isa = XCBuildConfiguration;
			buildSettings = {
				ALWAYS_SEARCH_USER_PATHS = NO;
				CLANG_ANALYZER_NONNULL = YES;
				CLANG_ANALYZER_NUMBER_OBJECT_CONVERSION = YES_AGGRESSIVE;
				CLANG_CXX_LANGUAGE_STANDARD = "gnu++14";
				CLANG_CXX_LIBRARY = "libc++";
				CLANG_ENABLE_MODULES = YES;
				CLANG_ENABLE_OBJC_ARC = YES;
				CLANG_ENABLE_OBJC_WEAK = YES;
				CLANG_WARN_BLOCK_CAPTURE_AUTORELEASING = YES;
				CLANG_WARN_BOOL_CONVERSION = YES;
				CLANG_WARN_COMMA = YES;
				CLANG_WARN_CONSTANT_CONVERSION = YES;
				CLANG_WARN_DEPRECATED_OBJC_IMPLEMENTATIONS = YES;
				CLANG_WARN_DIRECT_OBJC_ISA_USAGE = YES_ERROR;
				CLANG_WARN_DOCUMENTATION_COMMENTS = YES;
				CLANG_WARN_EMPTY_BODY = YES;
				CLANG_WARN_ENUM_CONVERSION = YES;
				CLANG_WARN_INFINITE_RECURSION = YES;
				CLANG_WARN_INT_CONVERSION = YES;
				CLANG_WARN_NON_LITERAL_NULL_CONVERSION = YES;
				CLANG_WARN_OBJC_IMPLICIT_RETAIN_SELF = YES;
				CLANG_WARN_OBJC_LITERAL_CONVERSION = YES;
				CLANG_WARN_OBJC_ROOT_CLASS = YES_ERROR;
				CLANG_WARN_QUOTED_INCLUDE_IN_FRAMEWORK_HEADER = YES;
				CLANG_WARN_RANGE_LOOP_ANALYSIS = YES;
				CLANG_WARN_STRICT_PROTOTYPES = YES;
				CLANG_WARN_SUSPICIOUS_MOVE = YES;
				CLANG_WARN_UNGUARDED_AVAILABILITY = YES_AGGRESSIVE;
				CLANG_WARN_UNREACHABLE_CODE = YES;
				CLANG_WARN__DUPLICATE_METHOD_MATCH = YES;
				COPY_PHASE_STRIP = NO;
				DEBUG_INFORMATION_FORMAT = dwarf;
				ENABLE_STRICT_OBJC_MSGSEND = YES;
				ENABLE_TESTABILITY = YES;
				GCC_C_LANGUAGE_STANDARD = gnu11;
				GCC_DYNAMIC_NO_PIC = NO;
				GCC_NO_COMMON_BLOCKS = YES;
				GCC_OPTIMIZATION_LEVEL = 0;
				GCC_PREPROCESSOR_DEFINITIONS = (
					"DEBUG=1",
					"$(inherited)",
				);
				GCC_WARN_64_TO_32_BIT_CONVERSION = YES;
				GCC_WARN_ABOUT_RETURN_TYPE = YES_ERROR;
				GCC_WARN_UNDECLARED_SELECTOR = YES;
				GCC_WARN_UNINITIALIZED_AUTOS = YES_AGGRESSIVE;
				GCC_WARN_UNUSED_FUNCTION = YES;
				GCC_WARN_UNUSED_VARIABLE = YES;
				IPHONEOS_DEPLOYMENT_TARGET = 14.4;
				MTL_ENABLE_DEBUG_INFO = INCLUDE_SOURCE;
				MTL_FAST_MATH = YES;
				ONLY_ACTIVE_ARCH = YES;
				SDKROOT = iphoneos;
				SWIFT_ACTIVE_COMPILATION_CONDITIONS = DEBUG;
				SWIFT_OPTIMIZATION_LEVEL = "-Onone";
			};
			name = Debug;
		};
		AF920F2125CA846000207E71 /* Release */ = {
			isa = XCBuildConfiguration;
			buildSettings = {
				ALWAYS_SEARCH_USER_PATHS = NO;
				CLANG_ANALYZER_NONNULL = YES;
				CLANG_ANALYZER_NUMBER_OBJECT_CONVERSION = YES_AGGRESSIVE;
				CLANG_CXX_LANGUAGE_STANDARD = "gnu++14";
				CLANG_CXX_LIBRARY = "libc++";
				CLANG_ENABLE_MODULES = YES;
				CLANG_ENABLE_OBJC_ARC = YES;
				CLANG_ENABLE_OBJC_WEAK = YES;
				CLANG_WARN_BLOCK_CAPTURE_AUTORELEASING = YES;
				CLANG_WARN_BOOL_CONVERSION = YES;
				CLANG_WARN_COMMA = YES;
				CLANG_WARN_CONSTANT_CONVERSION = YES;
				CLANG_WARN_DEPRECATED_OBJC_IMPLEMENTATIONS = YES;
				CLANG_WARN_DIRECT_OBJC_ISA_USAGE = YES_ERROR;
				CLANG_WARN_DOCUMENTATION_COMMENTS = YES;
				CLANG_WARN_EMPTY_BODY = YES;
				CLANG_WARN_ENUM_CONVERSION = YES;
				CLANG_WARN_INFINITE_RECURSION = YES;
				CLANG_WARN_INT_CONVERSION = YES;
				CLANG_WARN_NON_LITERAL_NULL_CONVERSION = YES;
				CLANG_WARN_OBJC_IMPLICIT_RETAIN_SELF = YES;
				CLANG_WARN_OBJC_LITERAL_CONVERSION = YES;
				CLANG_WARN_OBJC_ROOT_CLASS = YES_ERROR;
				CLANG_WARN_QUOTED_INCLUDE_IN_FRAMEWORK_HEADER = YES;
				CLANG_WARN_RANGE_LOOP_ANALYSIS = YES;
				CLANG_WARN_STRICT_PROTOTYPES = YES;
				CLANG_WARN_SUSPICIOUS_MOVE = YES;
				CLANG_WARN_UNGUARDED_AVAILABILITY = YES_AGGRESSIVE;
				CLANG_WARN_UNREACHABLE_CODE = YES;
				CLANG_WARN__DUPLICATE_METHOD_MATCH = YES;
				COPY_PHASE_STRIP = NO;
				DEBUG_INFORMATION_FORMAT = "dwarf-with-dsym";
				ENABLE_NS_ASSERTIONS = NO;
				ENABLE_STRICT_OBJC_MSGSEND = YES;
				GCC_C_LANGUAGE_STANDARD = gnu11;
				GCC_NO_COMMON_BLOCKS = YES;
				GCC_WARN_64_TO_32_BIT_CONVERSION = YES;
				GCC_WARN_ABOUT_RETURN_TYPE = YES_ERROR;
				GCC_WARN_UNDECLARED_SELECTOR = YES;
				GCC_WARN_UNINITIALIZED_AUTOS = YES_AGGRESSIVE;
				GCC_WARN_UNUSED_FUNCTION = YES;
				GCC_WARN_UNUSED_VARIABLE = YES;
				IPHONEOS_DEPLOYMENT_TARGET = 14.4;
				MTL_ENABLE_DEBUG_INFO = NO;
				MTL_FAST_MATH = YES;
				SDKROOT = iphoneos;
				SWIFT_COMPILATION_MODE = wholemodule;
				SWIFT_OPTIMIZATION_LEVEL = "-O";
				VALIDATE_PRODUCT = YES;
			};
			name = Release;
		};
		AF920F2325CA846000207E71 /* Debug */ = {
			isa = XCBuildConfiguration;
			buildSettings = {
				ASSETCATALOG_COMPILER_APPICON_NAME = AppIcon;
				ASSETCATALOG_COMPILER_GLOBAL_ACCENT_COLOR_NAME = AccentColor;
				CODE_SIGN_STYLE = Automatic;
				DEVELOPMENT_TEAM = XS8T26U3AH;
				INFOPLIST_FILE = "Change image/Info.plist";
				LD_RUNPATH_SEARCH_PATHS = (
					"$(inherited)",
					"@executable_path/Frameworks",
				);
				PRODUCT_BUNDLE_IDENTIFIER = "com.tableview.Change-image";
				PRODUCT_NAME = "$(TARGET_NAME)";
				SWIFT_VERSION = 5.0;
				TARGETED_DEVICE_FAMILY = "1,2";
			};
			name = Debug;
		};
		AF920F2425CA846000207E71 /* Release */ = {
			isa = XCBuildConfiguration;
			buildSettings = {
				ASSETCATALOG_COMPILER_APPICON_NAME = AppIcon;
				ASSETCATALOG_COMPILER_GLOBAL_ACCENT_COLOR_NAME = AccentColor;
				CODE_SIGN_STYLE = Automatic;
				DEVELOPMENT_TEAM = XS8T26U3AH;
				INFOPLIST_FILE = "Change image/Info.plist";
				LD_RUNPATH_SEARCH_PATHS = (
					"$(inherited)",
					"@executable_path/Frameworks",
				);
				PRODUCT_BUNDLE_IDENTIFIER = "com.tableview.Change-image";
				PRODUCT_NAME = "$(TARGET_NAME)";
				SWIFT_VERSION = 5.0;
				TARGETED_DEVICE_FAMILY = "1,2";
			};
			name = Release;
		};
/* End XCBuildConfiguration section */

/* Begin XCConfigurationList section */
		AF920F0625CA845F00207E71 /* Build configuration list for PBXProject "Change image" */ = {
			isa = XCConfigurationList;
			buildConfigurations = (
				AF920F2025CA846000207E71 /* Debug */,
				AF920F2125CA846000207E71 /* Release */,
			);
			defaultConfigurationIsVisible = 0;
			defaultConfigurationName = Release;
		};
		AF920F2225CA846000207E71 /* Build configuration list for PBXNativeTarget "Change image" */ = {
			isa = XCConfigurationList;
			buildConfigurations = (
				AF920F2325CA846000207E71 /* Debug */,
				AF920F2425CA846000207E71 /* Release */,
			);
			defaultConfigurationIsVisible = 0;
			defaultConfigurationName = Release;
		};
/* End XCConfigurationList section */

/* Begin XCVersionGroup section */
		AF920F1725CA845F00207E71 /* Change_image.xcdatamodeld */ = {
			isa = XCVersionGroup;
			children = (
				AF920F1825CA845F00207E71 /* Change_image.xcdatamodel */,
			);
			currentVersion = AF920F1825CA845F00207E71 /* Change_image.xcdatamodel */;
			path = Change_image.xcdatamodeld;
			sourceTree = "<group>";
			versionGroupType = wrapper.xcdatamodel;
		};
/* End XCVersionGroup section */
	};
	rootObject = AF920F0325CA845F00207E71 /* Project object */;
}
